
Microsoft Visual Studio Solution File, Format Version 12.00
# Visual Studio Version 17
VisualStudioVersion = 17.0.32126.317
MinimumVisualStudioVersion = 10.0.40219.1
Project("{FAE04EC0-301F-11D3-BF4B-00C04F79EFBC}") = "CI-CD-FundooNotes", "CI-CD-FundooNotes\CI-CD-FundooNotes.csproj", "{6DEA806D-7B35-4A24-A7C2-AF75D583FFDB}"
EndProject
Global
	GlobalSection(SolutionConfigurationPlatforms) = preSolution
		Debug|Any CPU = Debug|Any CPU
		Release|Any CPU = Release|Any CPU
	EndGlobalSection
	GlobalSection(ProjectConfigurationPlatforms) = postSolution
		{6DEA806D-7B35-4A24-A7C2-AF75D583FFDB}.Debug|Any CPU.ActiveCfg = Debug|Any CPU
		{6DEA806D-7B35-4A24-A7C2-AF75D583FFDB}.Debug|Any CPU.Build.0 = Debug|Any CPU
		{6DEA806D-7B35-4A24-A7C2-AF75D583FFDB}.Release|Any CPU.ActiveCfg = Release|Any CPU
		{6DEA806D-7B35-4A24-A7C2-AF75D583FFDB}.Release|Any CPU.Build.0 = Release|Any CPU
	EndGlobalSection
	GlobalSection(SolutionProperties) = preSolution
		HideSolutionNode = FALSE
	EndGlobalSection
	GlobalSection(ExtensibilityGlobals) = postSolution
		SolutionGuid = {92F60126-D732-421C-9BBB-4167AA1BF8D5}
	EndGlobalSection
EndGlobal
